
Microsoft Visual Studio Solution File, Format Version 12.00
# Visual Studio Version 17
VisualStudioVersion = 17.6.33712.159
MinimumVisualStudioVersion = 10.0.40219.1
Project("{FAE04EC0-301F-11D3-BF4B-00C04F79EFBC}") = "ConsumoApi.Android", "ConsumoApi\ConsumoApi.Android\ConsumoApi.Android.csproj", "{0485A800-4DEF-4043-BC92-73C2DE67D721}"
EndProject
Project("{FAE04EC0-301F-11D3-BF4B-00C04F79EFBC}") = "ConsumoApi", "ConsumoApi\ConsumoApi\ConsumoApi.csproj", "{69EE5011-2120-4589-8347-271315FCDF24}"
EndProject
Global
	GlobalSection(SolutionConfigurationPlatforms) = preSolution
		Debug|Any CPU = Debug|Any CPU
		Release|Any CPU = Release|Any CPU
	EndGlobalSection
	GlobalSection(ProjectConfigurationPlatforms) = postSolution
		{0485A800-4DEF-4043-BC92-73C2DE67D721}.Debug|Any CPU.ActiveCfg = Debug|Any CPU
		{0485A800-4DEF-4043-BC92-73C2DE67D721}.Debug|Any CPU.Build.0 = Debug|Any CPU
		{0485A800-4DEF-4043-BC92-73C2DE67D721}.Debug|Any CPU.Deploy.0 = Debug|Any CPU
		{0485A800-4DEF-4043-BC92-73C2DE67D721}.Release|Any CPU.ActiveCfg = Release|Any CPU
		{0485A800-4DEF-4043-BC92-73C2DE67D721}.Release|Any CPU.Build.0 = Release|Any CPU
		{0485A800-4DEF-4043-BC92-73C2DE67D721}.Release|Any CPU.Deploy.0 = Release|Any CPU
		{69EE5011-2120-4589-8347-271315FCDF24}.Debug|Any CPU.ActiveCfg = Debug|Any CPU
		{69EE5011-2120-4589-8347-271315FCDF24}.Debug|Any CPU.Build.0 = Debug|Any CPU
		{69EE5011-2120-4589-8347-271315FCDF24}.Debug|Any CPU.Deploy.0 = Debug|Any CPU
		{69EE5011-2120-4589-8347-271315FCDF24}.Release|Any CPU.ActiveCfg = Release|Any CPU
		{69EE5011-2120-4589-8347-271315FCDF24}.Release|Any CPU.Build.0 = Release|Any CPU
		{69EE5011-2120-4589-8347-271315FCDF24}.Release|Any CPU.Deploy.0 = Release|Any CPU
	EndGlobalSection
	GlobalSection(SolutionProperties) = preSolution
		HideSolutionNode = FALSE
	EndGlobalSection
	GlobalSection(ExtensibilityGlobals) = postSolution
		SolutionGuid = {94B27AE3-63EB-4D97-A123-296AD0479E17}
	EndGlobalSection
EndGlobal
